
Microsoft Visual Studio Solution File, Format Version 12.00
# Visual Studio 15
VisualStudioVersion = 15.0.27004.2010
MinimumVisualStudioVersion = 10.0.40219.1
Project("{FAE04EC0-301F-11D3-BF4B-00C04F79EFBC}") = "Homework 13 jan 18", "Homework 13 jan 18\Homework 13 jan 18.csproj", "{43D3B1BB-5706-49D5-95A1-42F0C434C424}"
EndProject
Global
	GlobalSection(SolutionConfigurationPlatforms) = preSolution
		Debug|Any CPU = Debug|Any CPU
		Release|Any CPU = Release|Any CPU
	EndGlobalSection
	GlobalSection(ProjectConfigurationPlatforms) = postSolution
		{43D3B1BB-5706-49D5-95A1-42F0C434C424}.Debug|Any CPU.ActiveCfg = Debug|Any CPU
		{43D3B1BB-5706-49D5-95A1-42F0C434C424}.Debug|Any CPU.Build.0 = Debug|Any CPU
		{43D3B1BB-5706-49D5-95A1-42F0C434C424}.Release|Any CPU.ActiveCfg = Release|Any CPU
		{43D3B1BB-5706-49D5-95A1-42F0C434C424}.Release|Any CPU.Build.0 = Release|Any CPU
	EndGlobalSection
	GlobalSection(SolutionProperties) = preSolution
		HideSolutionNode = FALSE
	EndGlobalSection
	GlobalSection(ExtensibilityGlobals) = postSolution
		SolutionGuid = {F6945515-BADB-48E7-93EE-F385DC9B4098}
	EndGlobalSection
EndGlobal
